// !$*UTF8*$!
{
	archiveVersion = 1;
	classes = {
	};
	objectVersion = 56;
	objects = {

/* Begin PBXBuildFile section */
		9C4A5B362B1C2AE000B15F46 /* CustomTabBarApp.swift in Sources */ = {isa = PBXBuildFile; fileRef = 9C4A5B352B1C2AE000B15F46 /* CustomTabBarApp.swift */; };
		9C4A5B382B1C2AE000B15F46 /* ContentView.swift in Sources */ = {isa = PBXBuildFile; fileRef = 9C4A5B372B1C2AE000B15F46 /* ContentView.swift */; };
		9C4A5B3A2B1C2AE200B15F46 /* Assets.xcassets in Resources */ = {isa = PBXBuildFile; fileRef = 9C4A5B392B1C2AE200B15F46 /* Assets.xcassets */; };
		9C4A5B3D2B1C2AE200B15F46 /* Preview Assets.xcassets in Resources */ = {isa = PBXBuildFile; fileRef = 9C4A5B3C2B1C2AE200B15F46 /* Preview Assets.xcassets */; };
		9C4A5B462B1C2B1C00B15F46 /* CustomTabBar.swift in Sources */ = {isa = PBXBuildFile; fileRef = 9C4A5B452B1C2B1C00B15F46 /* CustomTabBar.swift */; };
		9C4A5B482B1C763700B15F46 /* ProfileView.swift in Sources */ = {isa = PBXBuildFile; fileRef = 9C4A5B472B1C763700B15F46 /* ProfileView.swift */; };
		9C4A5B4A2B1C772A00B15F46 /* HomeView.swift in Sources */ = {isa = PBXBuildFile; fileRef = 9C4A5B492B1C772A00B15F46 /* HomeView.swift */; };
		9C77C9792B24A3260088A58F /* ContentViewWithoutNavBar.swift in Sources */ = {isa = PBXBuildFile; fileRef = 9C77C9782B24A3260088A58F /* ContentViewWithoutNavBar.swift */; };
		9CBA09FD2B221AC800958404 /* LaundryView.swift in Sources */ = {isa = PBXBuildFile; fileRef = 9CBA09FC2B221AC800958404 /* LaundryView.swift */; };
		9CBA09FF2B22D3AA00958404 /* ListLaundry.swift in Sources */ = {isa = PBXBuildFile; fileRef = 9CBA09FE2B22D3AA00958404 /* ListLaundry.swift */; };
		9CBA0A032B234A6A00958404 /* ItemModel.swift in Sources */ = {isa = PBXBuildFile; fileRef = 9CBA0A022B234A6A00958404 /* ItemModel.swift */; };
		9CBA0A052B234AF600958404 /* ListLaundryViewModel.swift in Sources */ = {isa = PBXBuildFile; fileRef = 9CBA0A042B234AF600958404 /* ListLaundryViewModel.swift */; };
		9CE2BA8B2B1F201E0028EB3B /* ListingItemView.swift in Sources */ = {isa = PBXBuildFile; fileRef = 9CE2BA8A2B1F201E0028EB3B /* ListingItemView.swift */; };
		9CE2BA922B1F46170028EB3B /* ChatView.swift in Sources */ = {isa = PBXBuildFile; fileRef = 9CE2BA912B1F46170028EB3B /* ChatView.swift */; };
		9CE2BA972B1F84780028EB3B /* ListProfile.swift in Sources */ = {isa = PBXBuildFile; fileRef = 9CE2BA962B1F84780028EB3B /* ListProfile.swift */; };
		9CE2BA992B1FFD6B0028EB3B /* ListChat.swift in Sources */ = {isa = PBXBuildFile; fileRef = 9CE2BA982B1FFD6B0028EB3B /* ListChat.swift */; };
		9CE2BA9D2B2033CC0028EB3B /* HistoryView.swift in Sources */ = {isa = PBXBuildFile; fileRef = 9CE2BA9C2B2033CC0028EB3B /* HistoryView.swift */; };
		9CE2BA9F2B2034440028EB3B /* ListHistory.swift in Sources */ = {isa = PBXBuildFile; fileRef = 9CE2BA9E2B2034440028EB3B /* ListHistory.swift */; };
		9CE2BAA42B20AB710028EB3B /* DetailsOrderView.swift in Sources */ = {isa = PBXBuildFile; fileRef = 9CE2BAA32B20AB710028EB3B /* DetailsOrderView.swift */; };
/* End PBXBuildFile section */

/* Begin PBXFileReference section */
		9C4A5B322B1C2AE000B15F46 /* laundry-app.app */ = {isa = PBXFileReference; explicitFileType = wrapper.application; includeInIndex = 0; path = "laundry-app.app"; sourceTree = BUILT_PRODUCTS_DIR; };
		9C4A5B352B1C2AE000B15F46 /* CustomTabBarApp.swift */ = {isa = PBXFileReference; lastKnownFileType = sourcecode.swift; path = CustomTabBarApp.swift; sourceTree = "<group>"; };
		9C4A5B372B1C2AE000B15F46 /* ContentView.swift */ = {isa = PBXFileReference; lastKnownFileType = sourcecode.swift; path = ContentView.swift; sourceTree = "<group>"; };
		9C4A5B392B1C2AE200B15F46 /* Assets.xcassets */ = {isa = PBXFileReference; lastKnownFileType = folder.assetcatalog; path = Assets.xcassets; sourceTree = "<group>"; };
		9C4A5B3C2B1C2AE200B15F46 /* Preview Assets.xcassets */ = {isa = PBXFileReference; lastKnownFileType = folder.assetcatalog; path = "Preview Assets.xcassets"; sourceTree = "<group>"; };
		9C4A5B452B1C2B1C00B15F46 /* CustomTabBar.swift */ = {isa = PBXFileReference; lastKnownFileType = sourcecode.swift; path = CustomTabBar.swift; sourceTree = "<group>"; };
		9C4A5B472B1C763700B15F46 /* ProfileView.swift */ = {isa = PBXFileReference; lastKnownFileType = sourcecode.swift; path = ProfileView.swift; sourceTree = "<group>"; };
		9C4A5B492B1C772A00B15F46 /* HomeView.swift */ = {isa = PBXFileReference; lastKnownFileType = sourcecode.swift; path = HomeView.swift; sourceTree = "<group>"; };
		9C77C9752B24A1420088A58F /* README.md */ = {isa = PBXFileReference; lastKnownFileType = net.daringfireball.markdown; path = README.md; sourceTree = "<group>"; };
		9C77C9782B24A3260088A58F /* ContentViewWithoutNavBar.swift */ = {isa = PBXFileReference; lastKnownFileType = sourcecode.swift; path = ContentViewWithoutNavBar.swift; sourceTree = "<group>"; };
		9CBA09FC2B221AC800958404 /* LaundryView.swift */ = {isa = PBXFileReference; lastKnownFileType = sourcecode.swift; path = LaundryView.swift; sourceTree = "<group>"; };
		9CBA09FE2B22D3AA00958404 /* ListLaundry.swift */ = {isa = PBXFileReference; lastKnownFileType = sourcecode.swift; path = ListLaundry.swift; sourceTree = "<group>"; };
		9CBA0A022B234A6A00958404 /* ItemModel.swift */ = {isa = PBXFileReference; lastKnownFileType = sourcecode.swift; path = ItemModel.swift; sourceTree = "<group>"; };
		9CBA0A042B234AF600958404 /* ListLaundryViewModel.swift */ = {isa = PBXFileReference; lastKnownFileType = sourcecode.swift; path = ListLaundryViewModel.swift; sourceTree = "<group>"; };
		9CE2BA8A2B1F201E0028EB3B /* ListingItemView.swift */ = {isa = PBXFileReference; lastKnownFileType = sourcecode.swift; path = ListingItemView.swift; sourceTree = "<group>"; };
		9CE2BA912B1F46170028EB3B /* ChatView.swift */ = {isa = PBXFileReference; lastKnownFileType = sourcecode.swift; path = ChatView.swift; sourceTree = "<group>"; };
		9CE2BA962B1F84780028EB3B /* ListProfile.swift */ = {isa = PBXFileReference; lastKnownFileType = sourcecode.swift; path = ListProfile.swift; sourceTree = "<group>"; };
		9CE2BA982B1FFD6B0028EB3B /* ListChat.swift */ = {isa = PBXFileReference; lastKnownFileType = sourcecode.swift; path = ListChat.swift; sourceTree = "<group>"; };
		9CE2BA9C2B2033CC0028EB3B /* HistoryView.swift */ = {isa = PBXFileReference; lastKnownFileType = sourcecode.swift; path = HistoryView.swift; sourceTree = "<group>"; };
		9CE2BA9E2B2034440028EB3B /* ListHistory.swift */ = {isa = PBXFileReference; lastKnownFileType = sourcecode.swift; path = ListHistory.swift; sourceTree = "<group>"; };
		9CE2BAA32B20AB710028EB3B /* DetailsOrderView.swift */ = {isa = PBXFileReference; lastKnownFileType = sourcecode.swift; path = DetailsOrderView.swift; sourceTree = "<group>"; };
/* End PBXFileReference section */

/* Begin PBXFrameworksBuildPhase section */
		9C4A5B2F2B1C2AE000B15F46 /* Frameworks */ = {
			isa = PBXFrameworksBuildPhase;
			buildActionMask = 2147483647;
			files = (
			);
			runOnlyForDeploymentPostprocessing = 0;
		};
/* End PBXFrameworksBuildPhase section */

/* Begin PBXGroup section */
		9C4A5B292B1C2AE000B15F46 = {
			isa = PBXGroup;
			children = (
				9C77C9752B24A1420088A58F /* README.md */,
				9C4A5B342B1C2AE000B15F46 /* src */,
				9C4A5B332B1C2AE000B15F46 /* Products */,
			);
			sourceTree = "<group>";
		};
		9C4A5B332B1C2AE000B15F46 /* Products */ = {
			isa = PBXGroup;
			children = (
				9C4A5B322B1C2AE000B15F46 /* laundry-app.app */,
			);
			name = Products;
			sourceTree = "<group>";
		};
		9C4A5B342B1C2AE000B15F46 /* src */ = {
			isa = PBXGroup;
			children = (
				9CBA0A012B234A3B00958404 /* View Model */,
				9CBA0A002B234A3600958404 /* Model */,
				9C4A5B352B1C2AE000B15F46 /* CustomTabBarApp.swift */,
				9C4A5B392B1C2AE200B15F46 /* Assets.xcassets */,
				9C77C9782B24A3260088A58F /* ContentViewWithoutNavBar.swift */,
				9C4A5B372B1C2AE000B15F46 /* ContentView.swift */,
				9C4A5B4B2B1C775A00B15F46 /* Views */,
				9C4A5B3B2B1C2AE200B15F46 /* Preview Content */,
				9C4A5B4C2B1C777900B15F46 /* Others */,
			);
			path = src;
			sourceTree = "<group>";
		};
		9C4A5B3B2B1C2AE200B15F46 /* Preview Content */ = {
			isa = PBXGroup;
			children = (
				9C4A5B3C2B1C2AE200B15F46 /* Preview Assets.xcassets */,
			);
			path = "Preview Content";
			sourceTree = "<group>";
		};
		9C4A5B4B2B1C775A00B15F46 /* Views */ = {
			isa = PBXGroup;
			children = (
				9CE2BAA22B204A880028EB3B /* Home */,
				9CE2BA9A2B2033B80028EB3B /* History */,
				9CE2BA932B1F4B500028EB3B /* Profile */,
				9CE2BA902B1F46060028EB3B /* Chat */,
			);
			path = Views;
			sourceTree = "<group>";
		};
		9C4A5B4C2B1C777900B15F46 /* Others */ = {
			isa = PBXGroup;
			children = (
			);
			path = Others;
			sourceTree = "<group>";
		};
		9CBA0A002B234A3600958404 /* Model */ = {
			isa = PBXGroup;
			children = (
				9CBA0A022B234A6A00958404 /* ItemModel.swift */,
			);
			path = Model;
			sourceTree = "<group>";
		};
		9CBA0A012B234A3B00958404 /* View Model */ = {
			isa = PBXGroup;
			children = (
				9CBA0A042B234AF600958404 /* ListLaundryViewModel.swift */,
			);
			path = "View Model";
			sourceTree = "<group>";
		};
		9CE2BA902B1F46060028EB3B /* Chat */ = {
			isa = PBXGroup;
			children = (
				9CE2BA912B1F46170028EB3B /* ChatView.swift */,
				9CE2BA982B1FFD6B0028EB3B /* ListChat.swift */,
			);
			path = Chat;
			sourceTree = "<group>";
		};
		9CE2BA932B1F4B500028EB3B /* Profile */ = {
			isa = PBXGroup;
			children = (
				9C4A5B472B1C763700B15F46 /* ProfileView.swift */,
				9CE2BA962B1F84780028EB3B /* ListProfile.swift */,
			);
			path = Profile;
			sourceTree = "<group>";
		};
		9CE2BA9A2B2033B80028EB3B /* History */ = {
			isa = PBXGroup;
			children = (
				9CE2BA9C2B2033CC0028EB3B /* HistoryView.swift */,
				9CE2BA9E2B2034440028EB3B /* ListHistory.swift */,
			);
			path = History;
			sourceTree = "<group>";
		};
		9CE2BAA22B204A880028EB3B /* Home */ = {
			isa = PBXGroup;
			children = (
				9C4A5B452B1C2B1C00B15F46 /* CustomTabBar.swift */,
				9C4A5B492B1C772A00B15F46 /* HomeView.swift */,
				9CE2BA8A2B1F201E0028EB3B /* ListingItemView.swift */,
				9CE2BAA32B20AB710028EB3B /* DetailsOrderView.swift */,
				9CBA09FC2B221AC800958404 /* LaundryView.swift */,
				9CBA09FE2B22D3AA00958404 /* ListLaundry.swift */,
			);
			path = Home;
			sourceTree = "<group>";
		};
/* End PBXGroup section */

/* Begin PBXNativeTarget section */
		9C4A5B312B1C2AE000B15F46 /* laundry-app */ = {
			isa = PBXNativeTarget;
			buildConfigurationList = 9C4A5B402B1C2AE200B15F46 /* Build configuration list for PBXNativeTarget "laundry-app" */;
			buildPhases = (
				9C4A5B2E2B1C2AE000B15F46 /* Sources */,
				9C4A5B2F2B1C2AE000B15F46 /* Frameworks */,
				9C4A5B302B1C2AE000B15F46 /* Resources */,
			);
			buildRules = (
			);
			dependencies = (
			);
			name = "laundry-app";
			productName = CustomTabBar;
			productReference = 9C4A5B322B1C2AE000B15F46 /* laundry-app.app */;
			productType = "com.apple.product-type.application";
		};
/* End PBXNativeTarget section */

/* Begin PBXProject section */
		9C4A5B2A2B1C2AE000B15F46 /* Project object */ = {
			isa = PBXProject;
			attributes = {
				BuildIndependentTargetsInParallel = 1;
				LastSwiftUpdateCheck = 1430;
				LastUpgradeCheck = 1430;
				TargetAttributes = {
					9C4A5B312B1C2AE000B15F46 = {
						CreatedOnToolsVersion = 14.3.1;
					};
				};
			};
			buildConfigurationList = 9C4A5B2D2B1C2AE000B15F46 /* Build configuration list for PBXProject "laundry-app" */;
			compatibilityVersion = "Xcode 14.0";
			developmentRegion = en;
			hasScannedForEncodings = 0;
			knownRegions = (
				en,
				Base,
			);
			mainGroup = 9C4A5B292B1C2AE000B15F46;
			productRefGroup = 9C4A5B332B1C2AE000B15F46 /* Products */;
			projectDirPath = "";
			projectRoot = "";
			targets = (
				9C4A5B312B1C2AE000B15F46 /* laundry-app */,
			);
		};
/* End PBXProject section */

/* Begin PBXResourcesBuildPhase section */
		9C4A5B302B1C2AE000B15F46 /* Resources */ = {
			isa = PBXResourcesBuildPhase;
			buildActionMask = 2147483647;
			files = (
				9C4A5B3D2B1C2AE200B15F46 /* Preview Assets.xcassets in Resources */,
				9C4A5B3A2B1C2AE200B15F46 /* Assets.xcassets in Resources */,
			);
			runOnlyForDeploymentPostprocessing = 0;
		};
/* End PBXResourcesBuildPhase section */

/* Begin PBXSourcesBuildPhase section */
		9C4A5B2E2B1C2AE000B15F46 /* Sources */ = {
			isa = PBXSourcesBuildPhase;
			buildActionMask = 2147483647;
			files = (
				9CBA0A032B234A6A00958404 /* ItemModel.swift in Sources */,
				9C4A5B482B1C763700B15F46 /* ProfileView.swift in Sources */,
				9C4A5B382B1C2AE000B15F46 /* ContentView.swift in Sources */,
				9CE2BAA42B20AB710028EB3B /* DetailsOrderView.swift in Sources */,
				9C4A5B4A2B1C772A00B15F46 /* HomeView.swift in Sources */,
				9C4A5B462B1C2B1C00B15F46 /* CustomTabBar.swift in Sources */,
				9CE2BA972B1F84780028EB3B /* ListProfile.swift in Sources */,
				9CE2BA9D2B2033CC0028EB3B /* HistoryView.swift in Sources */,
				9CBA09FF2B22D3AA00958404 /* ListLaundry.swift in Sources */,
				9CBA09FD2B221AC800958404 /* LaundryView.swift in Sources */,
				9CE2BA992B1FFD6B0028EB3B /* ListChat.swift in Sources */,
				9CE2BA922B1F46170028EB3B /* ChatView.swift in Sources */,
				9CBA0A052B234AF600958404 /* ListLaundryViewModel.swift in Sources */,
				9CE2BA8B2B1F201E0028EB3B /* ListingItemView.swift in Sources */,
				9C77C9792B24A3260088A58F /* ContentViewWithoutNavBar.swift in Sources */,
				9C4A5B362B1C2AE000B15F46 /* CustomTabBarApp.swift in Sources */,
				9CE2BA9F2B2034440028EB3B /* ListHistory.swift in Sources */,
			);
			runOnlyForDeploymentPostprocessing = 0;
		};
/* End PBXSourcesBuildPhase section */

/* Begin XCBuildConfiguration section */
		9C4A5B3E2B1C2AE200B15F46 /* Debug */ = {
			isa = XCBuildConfiguration;
			buildSettings = {
				ALWAYS_SEARCH_USER_PATHS = NO;
				CLANG_ANALYZER_NONNULL = YES;
				CLANG_ANALYZER_NUMBER_OBJECT_CONVERSION = YES_AGGRESSIVE;
				CLANG_CXX_LANGUAGE_STANDARD = "gnu++20";
				CLANG_ENABLE_MODULES = YES;
				CLANG_ENABLE_OBJC_ARC = YES;
				CLANG_ENABLE_OBJC_WEAK = YES;
				CLANG_WARN_BLOCK_CAPTURE_AUTORELEASING = YES;
				CLANG_WARN_BOOL_CONVERSION = YES;
				CLANG_WARN_COMMA = YES;
				CLANG_WARN_CONSTANT_CONVERSION = YES;
				CLANG_WARN_DEPRECATED_OBJC_IMPLEMENTATIONS = YES;
				CLANG_WARN_DIRECT_OBJC_ISA_USAGE = YES_ERROR;
				CLANG_WARN_DOCUMENTATION_COMMENTS = YES;
				CLANG_WARN_EMPTY_BODY = YES;
				CLANG_WARN_ENUM_CONVERSION = YES;
				CLANG_WARN_INFINITE_RECURSION = YES;
				CLANG_WARN_INT_CONVERSION = YES;
				CLANG_WARN_NON_LITERAL_NULL_CONVERSION = YES;
				CLANG_WARN_OBJC_IMPLICIT_RETAIN_SELF = YES;
				CLANG_WARN_OBJC_LITERAL_CONVERSION = YES;
				CLANG_WARN_OBJC_ROOT_CLASS = YES_ERROR;
				CLANG_WARN_QUOTED_INCLUDE_IN_FRAMEWORK_HEADER = YES;
				CLANG_WARN_RANGE_LOOP_ANALYSIS = YES;
				CLANG_WARN_STRICT_PROTOTYPES = YES;
				CLANG_WARN_SUSPICIOUS_MOVE = YES;
				CLANG_WARN_UNGUARDED_AVAILABILITY = YES_AGGRESSIVE;
				CLANG_WARN_UNREACHABLE_CODE = YES;
				CLANG_WARN__DUPLICATE_METHOD_MATCH = YES;
				COPY_PHASE_STRIP = NO;
				DEBUG_INFORMATION_FORMAT = dwarf;
				ENABLE_STRICT_OBJC_MSGSEND = YES;
				ENABLE_TESTABILITY = YES;
				GCC_C_LANGUAGE_STANDARD = gnu11;
				GCC_DYNAMIC_NO_PIC = NO;
				GCC_NO_COMMON_BLOCKS = YES;
				GCC_OPTIMIZATION_LEVEL = 0;
				GCC_PREPROCESSOR_DEFINITIONS = (
					"DEBUG=1",
					"$(inherited)",
				);
				GCC_WARN_64_TO_32_BIT_CONVERSION = YES;
				GCC_WARN_ABOUT_RETURN_TYPE = YES_ERROR;
				GCC_WARN_UNDECLARED_SELECTOR = YES;
				GCC_WARN_UNINITIALIZED_AUTOS = YES_AGGRESSIVE;
				GCC_WARN_UNUSED_FUNCTION = YES;
				GCC_WARN_UNUSED_VARIABLE = YES;
				IPHONEOS_DEPLOYMENT_TARGET = 16.3;
				MTL_ENABLE_DEBUG_INFO = INCLUDE_SOURCE;
				MTL_FAST_MATH = YES;
				ONLY_ACTIVE_ARCH = YES;
				SDKROOT = iphoneos;
				SWIFT_ACTIVE_COMPILATION_CONDITIONS = DEBUG;
				SWIFT_OPTIMIZATION_LEVEL = "-Onone";
			};
			name = Debug;
		};
		9C4A5B3F2B1C2AE200B15F46 /* Release */ = {
			isa = XCBuildConfiguration;
			buildSettings = {
				ALWAYS_SEARCH_USER_PATHS = NO;
				CLANG_ANALYZER_NONNULL = YES;
				CLANG_ANALYZER_NUMBER_OBJECT_CONVERSION = YES_AGGRESSIVE;
				CLANG_CXX_LANGUAGE_STANDARD = "gnu++20";
				CLANG_ENABLE_MODULES = YES;
				CLANG_ENABLE_OBJC_ARC = YES;
				CLANG_ENABLE_OBJC_WEAK = YES;
				CLANG_WARN_BLOCK_CAPTURE_AUTORELEASING = YES;
				CLANG_WARN_BOOL_CONVERSION = YES;
				CLANG_WARN_COMMA = YES;
				CLANG_WARN_CONSTANT_CONVERSION = YES;
				CLANG_WARN_DEPRECATED_OBJC_IMPLEMENTATIONS = YES;
				CLANG_WARN_DIRECT_OBJC_ISA_USAGE = YES_ERROR;
				CLANG_WARN_DOCUMENTATION_COMMENTS = YES;
				CLANG_WARN_EMPTY_BODY = YES;
				CLANG_WARN_ENUM_CONVERSION = YES;
				CLANG_WARN_INFINITE_RECURSION = YES;
				CLANG_WARN_INT_CONVERSION = YES;
				CLANG_WARN_NON_LITERAL_NULL_CONVERSION = YES;
				CLANG_WARN_OBJC_IMPLICIT_RETAIN_SELF = YES;
				CLANG_WARN_OBJC_LITERAL_CONVERSION = YES;
				CLANG_WARN_OBJC_ROOT_CLASS = YES_ERROR;
				CLANG_WARN_QUOTED_INCLUDE_IN_FRAMEWORK_HEADER = YES;
				CLANG_WARN_RANGE_LOOP_ANALYSIS = YES;
				CLANG_WARN_STRICT_PROTOTYPES = YES;
				CLANG_WARN_SUSPICIOUS_MOVE = YES;
				CLANG_WARN_UNGUARDED_AVAILABILITY = YES_AGGRESSIVE;
				CLANG_WARN_UNREACHABLE_CODE = YES;
				CLANG_WARN__DUPLICATE_METHOD_MATCH = YES;
				COPY_PHASE_STRIP = NO;
				DEBUG_INFORMATION_FORMAT = "dwarf-with-dsym";
				ENABLE_NS_ASSERTIONS = NO;
				ENABLE_STRICT_OBJC_MSGSEND = YES;
				GCC_C_LANGUAGE_STANDARD = gnu11;
				GCC_NO_COMMON_BLOCKS = YES;
				GCC_WARN_64_TO_32_BIT_CONVERSION = YES;
				GCC_WARN_ABOUT_RETURN_TYPE = YES_ERROR;
				GCC_WARN_UNDECLARED_SELECTOR = YES;
				GCC_WARN_UNINITIALIZED_AUTOS = YES_AGGRESSIVE;
				GCC_WARN_UNUSED_FUNCTION = YES;
				GCC_WARN_UNUSED_VARIABLE = YES;
				IPHONEOS_DEPLOYMENT_TARGET = 16.3;
				MTL_ENABLE_DEBUG_INFO = NO;
				MTL_FAST_MATH = YES;
				SDKROOT = iphoneos;
				SWIFT_COMPILATION_MODE = wholemodule;
				SWIFT_OPTIMIZATION_LEVEL = "-O";
				VALIDATE_PRODUCT = YES;
			};
			name = Release;
		};
		9C4A5B412B1C2AE200B15F46 /* Debug */ = {
			isa = XCBuildConfiguration;
			buildSettings = {
				ASSETCATALOG_COMPILER_APPICON_NAME = AppIcon;
				ASSETCATALOG_COMPILER_GLOBAL_ACCENT_COLOR_NAME = AccentColor;
				CODE_SIGN_STYLE = Automatic;
				CURRENT_PROJECT_VERSION = 1;
				DEVELOPMENT_ASSET_PATHS = "\"src/Preview Content\"";
				DEVELOPMENT_TEAM = 29MDF9BTS3;
				ENABLE_PREVIEWS = YES;
				GENERATE_INFOPLIST_FILE = YES;
				INFOPLIST_KEY_UIApplicationSceneManifest_Generation = YES;
				INFOPLIST_KEY_UIApplicationSupportsIndirectInputEvents = YES;
				INFOPLIST_KEY_UILaunchScreen_Generation = YES;
				INFOPLIST_KEY_UISupportedInterfaceOrientations_iPad = "UIInterfaceOrientationPortrait UIInterfaceOrientationPortraitUpsideDown UIInterfaceOrientationLandscapeLeft UIInterfaceOrientationLandscapeRight";
				INFOPLIST_KEY_UISupportedInterfaceOrientations_iPhone = "UIInterfaceOrientationPortrait UIInterfaceOrientationLandscapeLeft UIInterfaceOrientationLandscapeRight";
				LD_RUNPATH_SEARCH_PATHS = (
					"$(inherited)",
					"@executable_path/Frameworks",
				);
				MARKETING_VERSION = 1.0;
				PRODUCT_BUNDLE_IDENTIFIER = com.raihansyahrin.CustomTabBar;
				PRODUCT_NAME = "$(TARGET_NAME)";
				SWIFT_EMIT_LOC_STRINGS = YES;
				SWIFT_VERSION = 5.0;
				TARGETED_DEVICE_FAMILY = "1,2";
			};
			name = Debug;
		};
		9C4A5B422B1C2AE200B15F46 /* Release */ = {
			isa = XCBuildConfiguration;
			buildSettings = {
				ASSETCATALOG_COMPILER_APPICON_NAME = AppIcon;
				ASSETCATALOG_COMPILER_GLOBAL_ACCENT_COLOR_NAME = AccentColor;
				CODE_SIGN_STYLE = Automatic;
				CURRENT_PROJECT_VERSION = 1;
				DEVELOPMENT_ASSET_PATHS = "\"src/Preview Content\"";
				DEVELOPMENT_TEAM = 29MDF9BTS3;
				ENABLE_PREVIEWS = YES;
				GENERATE_INFOPLIST_FILE = YES;
				INFOPLIST_KEY_UIApplicationSceneManifest_Generation = YES;
				INFOPLIST_KEY_UIApplicationSupportsIndirectInputEvents = YES;
				INFOPLIST_KEY_UILaunchScreen_Generation = YES;
				INFOPLIST_KEY_UISupportedInterfaceOrientations_iPad = "UIInterfaceOrientationPortrait UIInterfaceOrientationPortraitUpsideDown UIInterfaceOrientationLandscapeLeft UIInterfaceOrientationLandscapeRight";
				INFOPLIST_KEY_UISupportedInterfaceOrientations_iPhone = "UIInterfaceOrientationPortrait UIInterfaceOrientationLandscapeLeft UIInterfaceOrientationLandscapeRight";
				LD_RUNPATH_SEARCH_PATHS = (
					"$(inherited)",
					"@executable_path/Frameworks",
				);
				MARKETING_VERSION = 1.0;
				PRODUCT_BUNDLE_IDENTIFIER = com.raihansyahrin.CustomTabBar;
				PRODUCT_NAME = "$(TARGET_NAME)";
				SWIFT_EMIT_LOC_STRINGS = YES;
				SWIFT_VERSION = 5.0;
				TARGETED_DEVICE_FAMILY = "1,2";
			};
			name = Release;
		};
/* End XCBuildConfiguration section */

/* Begin XCConfigurationList section */
		9C4A5B2D2B1C2AE000B15F46 /* Build configuration list for PBXProject "laundry-app" */ = {
			isa = XCConfigurationList;
			buildConfigurations = (
				9C4A5B3E2B1C2AE200B15F46 /* Debug */,
				9C4A5B3F2B1C2AE200B15F46 /* Release */,
			);
			defaultConfigurationIsVisible = 0;
			defaultConfigurationName = Release;
		};
		9C4A5B402B1C2AE200B15F46 /* Build configuration list for PBXNativeTarget "laundry-app" */ = {
			isa = XCConfigurationList;
			buildConfigurations = (
				9C4A5B412B1C2AE200B15F46 /* Debug */,
				9C4A5B422B1C2AE200B15F46 /* Release */,
			);
			defaultConfigurationIsVisible = 0;
			defaultConfigurationName = Release;
		};
/* End XCConfigurationList section */
	};
	rootObject = 9C4A5B2A2B1C2AE000B15F46 /* Project object */;
}
